
Microsoft Visual Studio Solution File, Format Version 12.00
# Visual Studio 15
VisualStudioVersion = 15.0.28307.271
MinimumVisualStudioVersion = 10.0.40219.1
Project("{FAE04EC0-301F-11D3-BF4B-00C04F79EFBC}") = "Inventory", "Inventory\Inventory.csproj", "{594FB8F8-DA07-4244-A5EE-0FA4C2F48763}"
EndProject
Global
	GlobalSection(SolutionConfigurationPlatforms) = preSolution
		Debug|Any CPU = Debug|Any CPU
		Release|Any CPU = Release|Any CPU
	EndGlobalSection
	GlobalSection(ProjectConfigurationPlatforms) = postSolution
		{594FB8F8-DA07-4244-A5EE-0FA4C2F48763}.Debug|Any CPU.ActiveCfg = Debug|Any CPU
		{594FB8F8-DA07-4244-A5EE-0FA4C2F48763}.Debug|Any CPU.Build.0 = Debug|Any CPU
		{594FB8F8-DA07-4244-A5EE-0FA4C2F48763}.Release|Any CPU.ActiveCfg = Release|Any CPU
		{594FB8F8-DA07-4244-A5EE-0FA4C2F48763}.Release|Any CPU.Build.0 = Release|Any CPU
	EndGlobalSection
	GlobalSection(SolutionProperties) = preSolution
		HideSolutionNode = FALSE
	EndGlobalSection
	GlobalSection(ExtensibilityGlobals) = postSolution
		SolutionGuid = {F234441E-04D7-405D-A522-DA4FBD874FDB}
	EndGlobalSection
EndGlobal
