
Microsoft Visual Studio Solution File, Format Version 12.00
# Visual Studio 15
VisualStudioVersion = 15.0.28307.271
MinimumVisualStudioVersion = 10.0.40219.1
Project("{FAE04EC0-301F-11D3-BF4B-00C04F79EFBC}") = "Computation", "Computation\Computation.csproj", "{1E0C3708-4CA6-464A-980A-72B417C625BE}"
EndProject
Global
	GlobalSection(SolutionConfigurationPlatforms) = preSolution
		Debug|Any CPU = Debug|Any CPU
		Release|Any CPU = Release|Any CPU
	EndGlobalSection
	GlobalSection(ProjectConfigurationPlatforms) = postSolution
		{1E0C3708-4CA6-464A-980A-72B417C625BE}.Debug|Any CPU.ActiveCfg = Debug|Any CPU
		{1E0C3708-4CA6-464A-980A-72B417C625BE}.Debug|Any CPU.Build.0 = Debug|Any CPU
		{1E0C3708-4CA6-464A-980A-72B417C625BE}.Release|Any CPU.ActiveCfg = Release|Any CPU
		{1E0C3708-4CA6-464A-980A-72B417C625BE}.Release|Any CPU.Build.0 = Release|Any CPU
	EndGlobalSection
	GlobalSection(SolutionProperties) = preSolution
		HideSolutionNode = FALSE
	EndGlobalSection
	GlobalSection(ExtensibilityGlobals) = postSolution
		SolutionGuid = {958145A0-1693-4798-AF95-98EB9F2E4F34}
	EndGlobalSection
EndGlobal
