
Microsoft Visual Studio Solution File, Format Version 12.00
# Visual Studio 15
VisualStudioVersion = 15.0.28307.271
MinimumVisualStudioVersion = 10.0.40219.1
Project("{FAE04EC0-301F-11D3-BF4B-00C04F79EFBC}") = "IAmWeek2", "IAmWeek2\IAmWeek2.csproj", "{27942160-64A7-451D-8EC4-89FE76702532}"
EndProject
Global
	GlobalSection(SolutionConfigurationPlatforms) = preSolution
		Debug|Any CPU = Debug|Any CPU
		Release|Any CPU = Release|Any CPU
	EndGlobalSection
	GlobalSection(ProjectConfigurationPlatforms) = postSolution
		{27942160-64A7-451D-8EC4-89FE76702532}.Debug|Any CPU.ActiveCfg = Debug|Any CPU
		{27942160-64A7-451D-8EC4-89FE76702532}.Debug|Any CPU.Build.0 = Debug|Any CPU
		{27942160-64A7-451D-8EC4-89FE76702532}.Release|Any CPU.ActiveCfg = Release|Any CPU
		{27942160-64A7-451D-8EC4-89FE76702532}.Release|Any CPU.Build.0 = Release|Any CPU
	EndGlobalSection
	GlobalSection(SolutionProperties) = preSolution
		HideSolutionNode = FALSE
	EndGlobalSection
	GlobalSection(ExtensibilityGlobals) = postSolution
		SolutionGuid = {BAAF6C63-E12E-42F1-AE9E-B4E22E8467E6}
	EndGlobalSection
EndGlobal
